
Microsoft Visual Studio Solution File, Format Version 12.00
# Visual Studio Version 17
VisualStudioVersion = 17.7.34221.43
MinimumVisualStudioVersion = 10.0.40219.1
Project("{9A19103F-16F7-4668-BE54-9A1E7A4F7556}") = "GA19303_Bai1", "GA19309_Bai1\GA19303_Bai1.csproj", "{FADCC4C8-6975-44B2-9D5F-54717820C584}"
EndProject
Project("{9A19103F-16F7-4668-BE54-9A1E7A4F7556}") = "TongHop_Bai1", "TongHop_Bai1\TongHop_Bai1.csproj", "{FA94D4E5-6280-483D-89D0-4383F8EF8CC4}"
EndProject
Project("{9A19103F-16F7-4668-BE54-9A1E7A4F7556}") = "GA19303_Bai2", "GA19303_Bai2\GA19303_Bai2.csproj", "{57CB4DBA-42B8-4817-8B60-D0AAAA5D4A4C}"
EndProject
Project("{9A19103F-16F7-4668-BE54-9A1E7A4F7556}") = "GA19303_Bai2_1", "GA19303_Bai2_1\GA19303_Bai2_1.csproj", "{C9A23278-F5AC-4123-8F21-37D74B5C0AC1}"
EndProject
Project("{9A19103F-16F7-4668-BE54-9A1E7A4F7556}") = "GA19303_Bai3", "GA19303_Bai3\GA19303_Bai3.csproj", "{3F8A7CAB-889F-48B1-97B7-05758C5437F5}"
EndProject
Project("{9A19103F-16F7-4668-BE54-9A1E7A4F7556}") = "GA19303_Bai3_1", "GA19303_Bai3_1\GA19303_Bai3_1.csproj", "{B78C54C8-A6F0-4FC1-866B-0A4C08B05855}"
EndProject
Project("{9A19103F-16F7-4668-BE54-9A1E7A4F7556}") = "GA19303_Bai4", "GA19303_Bai4\GA19303_Bai4.csproj", "{EDDC0C85-745D-4AA4-93E6-640A760F3EFA}"
EndProject
Project("{9A19103F-16F7-4668-BE54-9A1E7A4F7556}") = "GA19303_Bai4_1", "GA19303_Bai4_1\GA19303_Bai4_1.csproj", "{D0FC8655-4706-4AC9-93EE-91F76175656A}"
EndProject
Project("{9A19103F-16F7-4668-BE54-9A1E7A4F7556}") = "GA19303_Bai5", "GA19303_Bai5\GA19303_Bai5.csproj", "{CC9657B1-1F6C-4E22-9F7A-045EF3988852}"
EndProject
Project("{9A19103F-16F7-4668-BE54-9A1E7A4F7556}") = "GA19303_Bai5_1", "GA19303_Bai5_1\GA19303_Bai5_1.csproj", "{409DDFD2-E303-494D-ACEF-743BC9167D39}"
EndProject
Project("{9A19103F-16F7-4668-BE54-9A1E7A4F7556}") = "GA19303_Bai6", "GA19303_Bai6\GA19303_Bai6.csproj", "{3662196B-ABC7-422E-BEBD-448AFF5F9CC8}"
EndProject
Project("{FAE04EC0-301F-11D3-BF4B-00C04F79EFBC}") = "Bai6_CRUD", "Bai6_CRUD\Bai6_CRUD.csproj", "{A7F222A1-E234-4D80-A428-331AC6E82321}"
EndProject
Global
	GlobalSection(SolutionConfigurationPlatforms) = preSolution
		Debug|Any CPU = Debug|Any CPU
		Release|Any CPU = Release|Any CPU
	EndGlobalSection
	GlobalSection(ProjectConfigurationPlatforms) = postSolution
		{FADCC4C8-6975-44B2-9D5F-54717820C584}.Debug|Any CPU.ActiveCfg = Debug|Any CPU
		{FADCC4C8-6975-44B2-9D5F-54717820C584}.Debug|Any CPU.Build.0 = Debug|Any CPU
		{FADCC4C8-6975-44B2-9D5F-54717820C584}.Release|Any CPU.ActiveCfg = Release|Any CPU
		{FADCC4C8-6975-44B2-9D5F-54717820C584}.Release|Any CPU.Build.0 = Release|Any CPU
		{FA94D4E5-6280-483D-89D0-4383F8EF8CC4}.Debug|Any CPU.ActiveCfg = Debug|Any CPU
		{FA94D4E5-6280-483D-89D0-4383F8EF8CC4}.Debug|Any CPU.Build.0 = Debug|Any CPU
		{FA94D4E5-6280-483D-89D0-4383F8EF8CC4}.Release|Any CPU.ActiveCfg = Release|Any CPU
		{FA94D4E5-6280-483D-89D0-4383F8EF8CC4}.Release|Any CPU.Build.0 = Release|Any CPU
		{57CB4DBA-42B8-4817-8B60-D0AAAA5D4A4C}.Debug|Any CPU.ActiveCfg = Debug|Any CPU
		{57CB4DBA-42B8-4817-8B60-D0AAAA5D4A4C}.Debug|Any CPU.Build.0 = Debug|Any CPU
		{57CB4DBA-42B8-4817-8B60-D0AAAA5D4A4C}.Release|Any CPU.ActiveCfg = Release|Any CPU
		{57CB4DBA-42B8-4817-8B60-D0AAAA5D4A4C}.Release|Any CPU.Build.0 = Release|Any CPU
		{C9A23278-F5AC-4123-8F21-37D74B5C0AC1}.Debug|Any CPU.ActiveCfg = Debug|Any CPU
		{C9A23278-F5AC-4123-8F21-37D74B5C0AC1}.Debug|Any CPU.Build.0 = Debug|Any CPU
		{C9A23278-F5AC-4123-8F21-37D74B5C0AC1}.Release|Any CPU.ActiveCfg = Release|Any CPU
		{C9A23278-F5AC-4123-8F21-37D74B5C0AC1}.Release|Any CPU.Build.0 = Release|Any CPU
		{3F8A7CAB-889F-48B1-97B7-05758C5437F5}.Debug|Any CPU.ActiveCfg = Debug|Any CPU
		{3F8A7CAB-889F-48B1-97B7-05758C5437F5}.Debug|Any CPU.Build.0 = Debug|Any CPU
		{3F8A7CAB-889F-48B1-97B7-05758C5437F5}.Release|Any CPU.ActiveCfg = Release|Any CPU
		{3F8A7CAB-889F-48B1-97B7-05758C5437F5}.Release|Any CPU.Build.0 = Release|Any CPU
		{B78C54C8-A6F0-4FC1-866B-0A4C08B05855}.Debug|Any CPU.ActiveCfg = Debug|Any CPU
		{B78C54C8-A6F0-4FC1-866B-0A4C08B05855}.Debug|Any CPU.Build.0 = Debug|Any CPU
		{B78C54C8-A6F0-4FC1-866B-0A4C08B05855}.Release|Any CPU.ActiveCfg = Release|Any CPU
		{B78C54C8-A6F0-4FC1-866B-0A4C08B05855}.Release|Any CPU.Build.0 = Release|Any CPU
		{EDDC0C85-745D-4AA4-93E6-640A760F3EFA}.Debug|Any CPU.ActiveCfg = Debug|Any CPU
		{EDDC0C85-745D-4AA4-93E6-640A760F3EFA}.Debug|Any CPU.Build.0 = Debug|Any CPU
		{EDDC0C85-745D-4AA4-93E6-640A760F3EFA}.Release|Any CPU.ActiveCfg = Release|Any CPU
		{EDDC0C85-745D-4AA4-93E6-640A760F3EFA}.Release|Any CPU.Build.0 = Release|Any CPU
		{D0FC8655-4706-4AC9-93EE-91F76175656A}.Debug|Any CPU.ActiveCfg = Debug|Any CPU
		{D0FC8655-4706-4AC9-93EE-91F76175656A}.Debug|Any CPU.Build.0 = Debug|Any CPU
		{D0FC8655-4706-4AC9-93EE-91F76175656A}.Release|Any CPU.ActiveCfg = Release|Any CPU
		{D0FC8655-4706-4AC9-93EE-91F76175656A}.Release|Any CPU.Build.0 = Release|Any CPU
		{CC9657B1-1F6C-4E22-9F7A-045EF3988852}.Debug|Any CPU.ActiveCfg = Debug|Any CPU
		{CC9657B1-1F6C-4E22-9F7A-045EF3988852}.Debug|Any CPU.Build.0 = Debug|Any CPU
		{CC9657B1-1F6C-4E22-9F7A-045EF3988852}.Release|Any CPU.ActiveCfg = Release|Any CPU
		{CC9657B1-1F6C-4E22-9F7A-045EF3988852}.Release|Any CPU.Build.0 = Release|Any CPU
		{409DDFD2-E303-494D-ACEF-743BC9167D39}.Debug|Any CPU.ActiveCfg = Debug|Any CPU
		{409DDFD2-E303-494D-ACEF-743BC9167D39}.Debug|Any CPU.Build.0 = Debug|Any CPU
		{409DDFD2-E303-494D-ACEF-743BC9167D39}.Release|Any CPU.ActiveCfg = Release|Any CPU
		{409DDFD2-E303-494D-ACEF-743BC9167D39}.Release|Any CPU.Build.0 = Release|Any CPU
		{3662196B-ABC7-422E-BEBD-448AFF5F9CC8}.Debug|Any CPU.ActiveCfg = Debug|Any CPU
		{3662196B-ABC7-422E-BEBD-448AFF5F9CC8}.Debug|Any CPU.Build.0 = Debug|Any CPU
		{3662196B-ABC7-422E-BEBD-448AFF5F9CC8}.Release|Any CPU.ActiveCfg = Release|Any CPU
		{3662196B-ABC7-422E-BEBD-448AFF5F9CC8}.Release|Any CPU.Build.0 = Release|Any CPU
		{A7F222A1-E234-4D80-A428-331AC6E82321}.Debug|Any CPU.ActiveCfg = Debug|Any CPU
		{A7F222A1-E234-4D80-A428-331AC6E82321}.Debug|Any CPU.Build.0 = Debug|Any CPU
		{A7F222A1-E234-4D80-A428-331AC6E82321}.Release|Any CPU.ActiveCfg = Release|Any CPU
		{A7F222A1-E234-4D80-A428-331AC6E82321}.Release|Any CPU.Build.0 = Release|Any CPU
	EndGlobalSection
	GlobalSection(SolutionProperties) = preSolution
		HideSolutionNode = FALSE
	EndGlobalSection
	GlobalSection(ExtensibilityGlobals) = postSolution
		SolutionGuid = {8E0586A2-2E94-4FF2-8BE5-4938B7CBA7B1}
	EndGlobalSection
EndGlobal
